
Microsoft Visual Studio Solution File, Format Version 12.00
# Visual Studio Version 17
VisualStudioVersion = 17.0.31903.59
MinimumVisualStudioVersion = 10.0.40219.1
Project("{2150E333-8FDC-42A3-9474-1A3956D46DE8}") = "Shared", "Shared", "{4F52FD11-658E-A102-6CD3-7D7C16FFA15B}"
EndProject
Project("{FAE04EC0-301F-11D3-BF4B-00C04F79EFBC}") = "Contracts", "Shared\Contracts\Contracts.csproj", "{03938002-1A0E-48D2-BCBF-68FBAF5922B2}"
EndProject
Project("{FAE04EC0-301F-11D3-BF4B-00C04F79EFBC}") = "EventLog", "Shared\EventLog\EventLog.csproj", "{03F3FC1A-CA03-4349-BE00-A0196D3E613D}"
EndProject
Project("{FAE04EC0-301F-11D3-BF4B-00C04F79EFBC}") = "ServiceDefaults", "Shared\ServiceDefaults\ServiceDefaults.csproj", "{8E3E2B87-484D-424D-979F-A29CC9D7CEC5}"
EndProject
Project("{2150E333-8FDC-42A3-9474-1A3956D46DE8}") = "Users", "Users", "{A10C4C97-C1A1-C462-9A04-F253A6FEFC1E}"
EndProject
Project("{FAE04EC0-301F-11D3-BF4B-00C04F79EFBC}") = "Users.Domain", "services\Users\Users.Domain\Users.Domain.csproj", "{C09FBFC8-04B8-4970-BD15-2FF5EAE2DC58}"
EndProject
Project("{FAE04EC0-301F-11D3-BF4B-00C04F79EFBC}") = "Users.Application", "services\Users\Users.Application\Users.Application.csproj", "{0D89BCB8-EAA3-4B11-91A5-6857FD64F054}"
EndProject
Project("{FAE04EC0-301F-11D3-BF4B-00C04F79EFBC}") = "Users.Infrastructure", "services\Users\Users.Infrastructure\Users.Infrastructure.csproj", "{12D410B5-1350-4996-A305-A3D8CD3A35E1}"
EndProject
Project("{FAE04EC0-301F-11D3-BF4B-00C04F79EFBC}") = "Users.Api", "services\Users\Users.Api\Users.Api.csproj", "{D43479FB-1DD6-44E4-84FA-39988988822E}"
EndProject
Project("{2150E333-8FDC-42A3-9474-1A3956D46DE8}") = "Notifications", "Notifications", "{C30EA34C-96E3-EEAB-A84E-085AED71DD06}"
EndProject
Project("{FAE04EC0-301F-11D3-BF4B-00C04F79EFBC}") = "Notifications.Domain", "services\Notifications\Notifications.Domain\Notifications.Domain.csproj", "{2D312C4D-F27D-47E4-A3FA-ECD312DA8FEA}"
EndProject
Project("{FAE04EC0-301F-11D3-BF4B-00C04F79EFBC}") = "Notifications.Application", "services\Notifications\Notifications.Application\Notifications.Application.csproj", "{B1B6425E-5B08-4F83-8440-67F963A90974}"
EndProject
Project("{FAE04EC0-301F-11D3-BF4B-00C04F79EFBC}") = "Notifications.Infrastructure", "services\Notifications\Notifications.Infrastructure\Notifications.Infrastructure.csproj", "{D6975B10-1336-447E-83ED-8632B8B6BB6C}"
EndProject
Project("{FAE04EC0-301F-11D3-BF4B-00C04F79EFBC}") = "Notifications.Api", "services\Notifications\Notifications.Api\Notifications.Api.csproj", "{2B7DE6B7-C255-441D-A922-505F07D24C16}"
EndProject
Project("{FAE04EC0-301F-11D3-BF4B-00C04F79EFBC}") = "AppHost", "AppHost\AppHost.csproj", "{7AB973E3-4DA7-49EB-9828-C16B6265C7CC}"
EndProject
Project("{2150E333-8FDC-42A3-9474-1A3956D46DE8}") = "Solution Items", "Solution Items", "{6B2F5E4A-9C3D-4A1E-8F2B-1D4E6A7C8B90}"
	ProjectSection(SolutionItems) = preProject
		README.md = README.md
		Directory.Build.props = Directory.Build.props
		Directory.Packages.props = Directory.Packages.props
		.editorconfig = .editorconfig
		Shared\Contracts\schemas\users-events.schema.json = Shared\Contracts\schemas\users-events.schema.json
	EndProjectSection
EndProject
Project("{FAE04EC0-301F-11D3-BF4B-00C04F79EFBC}") = "Web", "Web\Web.csproj", "{CE178FFB-E45A-461D-B501-330156275214}"
EndProject
Global
	GlobalSection(SolutionConfigurationPlatforms) = preSolution
		Debug|Any CPU = Debug|Any CPU
		Debug|x64 = Debug|x64
		Debug|x86 = Debug|x86
		Release|Any CPU = Release|Any CPU
		Release|x64 = Release|x64
		Release|x86 = Release|x86
	EndGlobalSection
	GlobalSection(ProjectConfigurationPlatforms) = postSolution
		{03938002-1A0E-48D2-BCBF-68FBAF5922B2}.Debug|Any CPU.ActiveCfg = Debug|Any CPU
		{03938002-1A0E-48D2-BCBF-68FBAF5922B2}.Debug|Any CPU.Build.0 = Debug|Any CPU
		{03938002-1A0E-48D2-BCBF-68FBAF5922B2}.Debug|x64.ActiveCfg = Debug|Any CPU
		{03938002-1A0E-48D2-BCBF-68FBAF5922B2}.Debug|x64.Build.0 = Debug|Any CPU
		{03938002-1A0E-48D2-BCBF-68FBAF5922B2}.Debug|x86.ActiveCfg = Debug|Any CPU
		{03938002-1A0E-48D2-BCBF-68FBAF5922B2}.Debug|x86.Build.0 = Debug|Any CPU
		{03938002-1A0E-48D2-BCBF-68FBAF5922B2}.Release|Any CPU.ActiveCfg = Release|Any CPU
		{03938002-1A0E-48D2-BCBF-68FBAF5922B2}.Release|Any CPU.Build.0 = Release|Any CPU
		{03938002-1A0E-48D2-BCBF-68FBAF5922B2}.Release|x64.ActiveCfg = Release|Any CPU
		{03938002-1A0E-48D2-BCBF-68FBAF5922B2}.Release|x64.Build.0 = Release|Any CPU
		{03938002-1A0E-48D2-BCBF-68FBAF5922B2}.Release|x86.ActiveCfg = Release|Any CPU
		{03938002-1A0E-48D2-BCBF-68FBAF5922B2}.Release|x86.Build.0 = Release|Any CPU
		{03F3FC1A-CA03-4349-BE00-A0196D3E613D}.Debug|Any CPU.ActiveCfg = Debug|Any CPU
		{03F3FC1A-CA03-4349-BE00-A0196D3E613D}.Debug|Any CPU.Build.0 = Debug|Any CPU
		{03F3FC1A-CA03-4349-BE00-A0196D3E613D}.Debug|x64.ActiveCfg = Debug|Any CPU
		{03F3FC1A-CA03-4349-BE00-A0196D3E613D}.Debug|x64.Build.0 = Debug|Any CPU
		{03F3FC1A-CA03-4349-BE00-A0196D3E613D}.Debug|x86.ActiveCfg = Debug|Any CPU
		{03F3FC1A-CA03-4349-BE00-A0196D3E613D}.Debug|x86.Build.0 = Debug|Any CPU
		{03F3FC1A-CA03-4349-BE00-A0196D3E613D}.Release|Any CPU.ActiveCfg = Release|Any CPU
		{03F3FC1A-CA03-4349-BE00-A0196D3E613D}.Release|Any CPU.Build.0 = Release|Any CPU
		{03F3FC1A-CA03-4349-BE00-A0196D3E613D}.Release|x64.ActiveCfg = Release|Any CPU
		{03F3FC1A-CA03-4349-BE00-A0196D3E613D}.Release|x64.Build.0 = Release|Any CPU
		{03F3FC1A-CA03-4349-BE00-A0196D3E613D}.Release|x86.ActiveCfg = Release|Any CPU
		{03F3FC1A-CA03-4349-BE00-A0196D3E613D}.Release|x86.Build.0 = Release|Any CPU
		{8E3E2B87-484D-424D-979F-A29CC9D7CEC5}.Debug|Any CPU.ActiveCfg = Debug|Any CPU
		{8E3E2B87-484D-424D-979F-A29CC9D7CEC5}.Debug|Any CPU.Build.0 = Debug|Any CPU
		{8E3E2B87-484D-424D-979F-A29CC9D7CEC5}.Debug|x64.ActiveCfg = Debug|Any CPU
		{8E3E2B87-484D-424D-979F-A29CC9D7CEC5}.Debug|x64.Build.0 = Debug|Any CPU
		{8E3E2B87-484D-424D-979F-A29CC9D7CEC5}.Debug|x86.ActiveCfg = Debug|Any CPU
		{8E3E2B87-484D-424D-979F-A29CC9D7CEC5}.Debug|x86.Build.0 = Debug|Any CPU
		{8E3E2B87-484D-424D-979F-A29CC9D7CEC5}.Release|Any CPU.ActiveCfg = Release|Any CPU
		{8E3E2B87-484D-424D-979F-A29CC9D7CEC5}.Release|Any CPU.Build.0 = Release|Any CPU
		{8E3E2B87-484D-424D-979F-A29CC9D7CEC5}.Release|x64.ActiveCfg = Release|Any CPU
		{8E3E2B87-484D-424D-979F-A29CC9D7CEC5}.Release|x64.Build.0 = Release|Any CPU
		{8E3E2B87-484D-424D-979F-A29CC9D7CEC5}.Release|x86.ActiveCfg = Release|Any CPU
		{8E3E2B87-484D-424D-979F-A29CC9D7CEC5}.Release|x86.Build.0 = Release|Any CPU
		{C09FBFC8-04B8-4970-BD15-2FF5EAE2DC58}.Debug|Any CPU.ActiveCfg = Debug|Any CPU
		{C09FBFC8-04B8-4970-BD15-2FF5EAE2DC58}.Debug|Any CPU.Build.0 = Debug|Any CPU
		{C09FBFC8-04B8-4970-BD15-2FF5EAE2DC58}.Debug|x64.ActiveCfg = Debug|Any CPU
		{C09FBFC8-04B8-4970-BD15-2FF5EAE2DC58}.Debug|x64.Build.0 = Debug|Any CPU
		{C09FBFC8-04B8-4970-BD15-2FF5EAE2DC58}.Debug|x86.ActiveCfg = Debug|Any CPU
		{C09FBFC8-04B8-4970-BD15-2FF5EAE2DC58}.Debug|x86.Build.0 = Debug|Any CPU
		{C09FBFC8-04B8-4970-BD15-2FF5EAE2DC58}.Release|Any CPU.ActiveCfg = Release|Any CPU
		{C09FBFC8-04B8-4970-BD15-2FF5EAE2DC58}.Release|Any CPU.Build.0 = Release|Any CPU
		{C09FBFC8-04B8-4970-BD15-2FF5EAE2DC58}.Release|x64.ActiveCfg = Release|Any CPU
		{C09FBFC8-04B8-4970-BD15-2FF5EAE2DC58}.Release|x64.Build.0 = Release|Any CPU
		{C09FBFC8-04B8-4970-BD15-2FF5EAE2DC58}.Release|x86.ActiveCfg = Release|Any CPU
		{C09FBFC8-04B8-4970-BD15-2FF5EAE2DC58}.Release|x86.Build.0 = Release|Any CPU
		{0D89BCB8-EAA3-4B11-91A5-6857FD64F054}.Debug|Any CPU.ActiveCfg = Debug|Any CPU
		{0D89BCB8-EAA3-4B11-91A5-6857FD64F054}.Debug|Any CPU.Build.0 = Debug|Any CPU
		{0D89BCB8-EAA3-4B11-91A5-6857FD64F054}.Debug|x64.ActiveCfg = Debug|Any CPU
		{0D89BCB8-EAA3-4B11-91A5-6857FD64F054}.Debug|x64.Build.0 = Debug|Any CPU
		{0D89BCB8-EAA3-4B11-91A5-6857FD64F054}.Debug|x86.ActiveCfg = Debug|Any CPU
		{0D89BCB8-EAA3-4B11-91A5-6857FD64F054}.Debug|x86.Build.0 = Debug|Any CPU
		{0D89BCB8-EAA3-4B11-91A5-6857FD64F054}.Release|Any CPU.ActiveCfg = Release|Any CPU
		{0D89BCB8-EAA3-4B11-91A5-6857FD64F054}.Release|Any CPU.Build.0 = Release|Any CPU
		{0D89BCB8-EAA3-4B11-91A5-6857FD64F054}.Release|x64.ActiveCfg = Release|Any CPU
		{0D89BCB8-EAA3-4B11-91A5-6857FD64F054}.Release|x64.Build.0 = Release|Any CPU
		{0D89BCB8-EAA3-4B11-91A5-6857FD64F054}.Release|x86.ActiveCfg = Release|Any CPU
		{0D89BCB8-EAA3-4B11-91A5-6857FD64F054}.Release|x86.Build.0 = Release|Any CPU
		{12D410B5-1350-4996-A305-A3D8CD3A35E1}.Debug|Any CPU.ActiveCfg = Debug|Any CPU
		{12D410B5-1350-4996-A305-A3D8CD3A35E1}.Debug|Any CPU.Build.0 = Debug|Any CPU
		{12D410B5-1350-4996-A305-A3D8CD3A35E1}.Debug|x64.ActiveCfg = Debug|Any CPU
		{12D410B5-1350-4996-A305-A3D8CD3A35E1}.Debug|x64.Build.0 = Debug|Any CPU
		{12D410B5-1350-4996-A305-A3D8CD3A35E1}.Debug|x86.ActiveCfg = Debug|Any CPU
		{12D410B5-1350-4996-A305-A3D8CD3A35E1}.Debug|x86.Build.0 = Debug|Any CPU
		{12D410B5-1350-4996-A305-A3D8CD3A35E1}.Release|Any CPU.ActiveCfg = Release|Any CPU
		{12D410B5-1350-4996-A305-A3D8CD3A35E1}.Release|Any CPU.Build.0 = Release|Any CPU
		{12D410B5-1350-4996-A305-A3D8CD3A35E1}.Release|x64.ActiveCfg = Release|Any CPU
		{12D410B5-1350-4996-A305-A3D8CD3A35E1}.Release|x64.Build.0 = Release|Any CPU
		{12D410B5-1350-4996-A305-A3D8CD3A35E1}.Release|x86.ActiveCfg = Release|Any CPU
		{12D410B5-1350-4996-A305-A3D8CD3A35E1}.Release|x86.Build.0 = Release|Any CPU
		{D43479FB-1DD6-44E4-84FA-39988988822E}.Debug|Any CPU.ActiveCfg = Debug|Any CPU
		{D43479FB-1DD6-44E4-84FA-39988988822E}.Debug|Any CPU.Build.0 = Debug|Any CPU
		{D43479FB-1DD6-44E4-84FA-39988988822E}.Debug|x64.ActiveCfg = Debug|Any CPU
		{D43479FB-1DD6-44E4-84FA-39988988822E}.Debug|x64.Build.0 = Debug|Any CPU
		{D43479FB-1DD6-44E4-84FA-39988988822E}.Debug|x86.ActiveCfg = Debug|Any CPU
		{D43479FB-1DD6-44E4-84FA-39988988822E}.Debug|x86.Build.0 = Debug|Any CPU
		{D43479FB-1DD6-44E4-84FA-39988988822E}.Release|Any CPU.ActiveCfg = Release|Any CPU
		{D43479FB-1DD6-44E4-84FA-39988988822E}.Release|Any CPU.Build.0 = Release|Any CPU
		{D43479FB-1DD6-44E4-84FA-39988988822E}.Release|x64.ActiveCfg = Release|Any CPU
		{D43479FB-1DD6-44E4-84FA-39988988822E}.Release|x64.Build.0 = Release|Any CPU
		{D43479FB-1DD6-44E4-84FA-39988988822E}.Release|x86.ActiveCfg = Release|Any CPU
		{D43479FB-1DD6-44E4-84FA-39988988822E}.Release|x86.Build.0 = Release|Any CPU
		{2D312C4D-F27D-47E4-A3FA-ECD312DA8FEA}.Debug|Any CPU.ActiveCfg = Debug|Any CPU
		{2D312C4D-F27D-47E4-A3FA-ECD312DA8FEA}.Debug|Any CPU.Build.0 = Debug|Any CPU
		{2D312C4D-F27D-47E4-A3FA-ECD312DA8FEA}.Debug|x64.ActiveCfg = Debug|Any CPU
		{2D312C4D-F27D-47E4-A3FA-ECD312DA8FEA}.Debug|x64.Build.0 = Debug|Any CPU
		{2D312C4D-F27D-47E4-A3FA-ECD312DA8FEA}.Debug|x86.ActiveCfg = Debug|Any CPU
		{2D312C4D-F27D-47E4-A3FA-ECD312DA8FEA}.Debug|x86.Build.0 = Debug|Any CPU
		{2D312C4D-F27D-47E4-A3FA-ECD312DA8FEA}.Release|Any CPU.ActiveCfg = Release|Any CPU
		{2D312C4D-F27D-47E4-A3FA-ECD312DA8FEA}.Release|Any CPU.Build.0 = Release|Any CPU
		{2D312C4D-F27D-47E4-A3FA-ECD312DA8FEA}.Release|x64.ActiveCfg = Release|Any CPU
		{2D312C4D-F27D-47E4-A3FA-ECD312DA8FEA}.Release|x64.Build.0 = Release|Any CPU
		{2D312C4D-F27D-47E4-A3FA-ECD312DA8FEA}.Release|x86.ActiveCfg = Release|Any CPU
		{2D312C4D-F27D-47E4-A3FA-ECD312DA8FEA}.Release|x86.Build.0 = Release|Any CPU
		{B1B6425E-5B08-4F83-8440-67F963A90974}.Debug|Any CPU.ActiveCfg = Debug|Any CPU
		{B1B6425E-5B08-4F83-8440-67F963A90974}.Debug|Any CPU.Build.0 = Debug|Any CPU
		{B1B6425E-5B08-4F83-8440-67F963A90974}.Debug|x64.ActiveCfg = Debug|Any CPU
		{B1B6425E-5B08-4F83-8440-67F963A90974}.Debug|x64.Build.0 = Debug|Any CPU
		{B1B6425E-5B08-4F83-8440-67F963A90974}.Debug|x86.ActiveCfg = Debug|Any CPU
		{B1B6425E-5B08-4F83-8440-67F963A90974}.Debug|x86.Build.0 = Debug|Any CPU
		{B1B6425E-5B08-4F83-8440-67F963A90974}.Release|Any CPU.ActiveCfg = Release|Any CPU
		{B1B6425E-5B08-4F83-8440-67F963A90974}.Release|Any CPU.Build.0 = Release|Any CPU
		{B1B6425E-5B08-4F83-8440-67F963A90974}.Release|x64.ActiveCfg = Release|Any CPU
		{B1B6425E-5B08-4F83-8440-67F963A90974}.Release|x64.Build.0 = Release|Any CPU
		{B1B6425E-5B08-4F83-8440-67F963A90974}.Release|x86.ActiveCfg = Release|Any CPU
		{B1B6425E-5B08-4F83-8440-67F963A90974}.Release|x86.Build.0 = Release|Any CPU
		{D6975B10-1336-447E-83ED-8632B8B6BB6C}.Debug|Any CPU.ActiveCfg = Debug|Any CPU
		{D6975B10-1336-447E-83ED-8632B8B6BB6C}.Debug|Any CPU.Build.0 = Debug|Any CPU
		{D6975B10-1336-447E-83ED-8632B8B6BB6C}.Debug|x64.ActiveCfg = Debug|Any CPU
		{D6975B10-1336-447E-83ED-8632B8B6BB6C}.Debug|x64.Build.0 = Debug|Any CPU
		{D6975B10-1336-447E-83ED-8632B8B6BB6C}.Debug|x86.ActiveCfg = Debug|Any CPU
		{D6975B10-1336-447E-83ED-8632B8B6BB6C}.Debug|x86.Build.0 = Debug|Any CPU
		{D6975B10-1336-447E-83ED-8632B8B6BB6C}.Release|Any CPU.ActiveCfg = Release|Any CPU
		{D6975B10-1336-447E-83ED-8632B8B6BB6C}.Release|Any CPU.Build.0 = Release|Any CPU
		{D6975B10-1336-447E-83ED-8632B8B6BB6C}.Release|x64.ActiveCfg = Release|Any CPU
		{D6975B10-1336-447E-83ED-8632B8B6BB6C}.Release|x64.Build.0 = Release|Any CPU
		{D6975B10-1336-447E-83ED-8632B8B6BB6C}.Release|x86.ActiveCfg = Release|Any CPU
		{D6975B10-1336-447E-83ED-8632B8B6BB6C}.Release|x86.Build.0 = Release|Any CPU
		{2B7DE6B7-C255-441D-A922-505F07D24C16}.Debug|Any CPU.ActiveCfg = Debug|Any CPU
		{2B7DE6B7-C255-441D-A922-505F07D24C16}.Debug|Any CPU.Build.0 = Debug|Any CPU
		{2B7DE6B7-C255-441D-A922-505F07D24C16}.Debug|x64.ActiveCfg = Debug|Any CPU
		{2B7DE6B7-C255-441D-A922-505F07D24C16}.Debug|x64.Build.0 = Debug|Any CPU
		{2B7DE6B7-C255-441D-A922-505F07D24C16}.Debug|x86.ActiveCfg = Debug|Any CPU
		{2B7DE6B7-C255-441D-A922-505F07D24C16}.Debug|x86.Build.0 = Debug|Any CPU
		{2B7DE6B7-C255-441D-A922-505F07D24C16}.Release|Any CPU.ActiveCfg = Release|Any CPU
		{2B7DE6B7-C255-441D-A922-505F07D24C16}.Release|Any CPU.Build.0 = Release|Any CPU
		{2B7DE6B7-C255-441D-A922-505F07D24C16}.Release|x64.ActiveCfg = Release|Any CPU
		{2B7DE6B7-C255-441D-A922-505F07D24C16}.Release|x64.Build.0 = Release|Any CPU
		{2B7DE6B7-C255-441D-A922-505F07D24C16}.Release|x86.ActiveCfg = Release|Any CPU
		{2B7DE6B7-C255-441D-A922-505F07D24C16}.Release|x86.Build.0 = Release|Any CPU
		{7AB973E3-4DA7-49EB-9828-C16B6265C7CC}.Debug|Any CPU.ActiveCfg = Debug|Any CPU
		{7AB973E3-4DA7-49EB-9828-C16B6265C7CC}.Debug|Any CPU.Build.0 = Debug|Any CPU
		{7AB973E3-4DA7-49EB-9828-C16B6265C7CC}.Debug|x64.ActiveCfg = Debug|Any CPU
		{7AB973E3-4DA7-49EB-9828-C16B6265C7CC}.Debug|x64.Build.0 = Debug|Any CPU
		{7AB973E3-4DA7-49EB-9828-C16B6265C7CC}.Debug|x86.ActiveCfg = Debug|Any CPU
		{7AB973E3-4DA7-49EB-9828-C16B6265C7CC}.Debug|x86.Build.0 = Debug|Any CPU
		{7AB973E3-4DA7-49EB-9828-C16B6265C7CC}.Release|Any CPU.ActiveCfg = Release|Any CPU
		{7AB973E3-4DA7-49EB-9828-C16B6265C7CC}.Release|Any CPU.Build.0 = Release|Any CPU
		{7AB973E3-4DA7-49EB-9828-C16B6265C7CC}.Release|x64.ActiveCfg = Release|Any CPU
		{7AB973E3-4DA7-49EB-9828-C16B6265C7CC}.Release|x64.Build.0 = Release|Any CPU
		{7AB973E3-4DA7-49EB-9828-C16B6265C7CC}.Release|x86.ActiveCfg = Release|Any CPU
		{7AB973E3-4DA7-49EB-9828-C16B6265C7CC}.Release|x86.Build.0 = Release|Any CPU
		{CE178FFB-E45A-461D-B501-330156275214}.Debug|Any CPU.ActiveCfg = Debug|Any CPU
		{CE178FFB-E45A-461D-B501-330156275214}.Debug|Any CPU.Build.0 = Debug|Any CPU
		{CE178FFB-E45A-461D-B501-330156275214}.Debug|x64.ActiveCfg = Debug|Any CPU
		{CE178FFB-E45A-461D-B501-330156275214}.Debug|x64.Build.0 = Debug|Any CPU
		{CE178FFB-E45A-461D-B501-330156275214}.Debug|x86.ActiveCfg = Debug|Any CPU
		{CE178FFB-E45A-461D-B501-330156275214}.Debug|x86.Build.0 = Debug|Any CPU
		{CE178FFB-E45A-461D-B501-330156275214}.Release|Any CPU.ActiveCfg = Release|Any CPU
		{CE178FFB-E45A-461D-B501-330156275214}.Release|Any CPU.Build.0 = Release|Any CPU
		{CE178FFB-E45A-461D-B501-330156275214}.Release|x64.ActiveCfg = Release|Any CPU
		{CE178FFB-E45A-461D-B501-330156275214}.Release|x64.Build.0 = Release|Any CPU
		{CE178FFB-E45A-461D-B501-330156275214}.Release|x86.ActiveCfg = Release|Any CPU
		{CE178FFB-E45A-461D-B501-330156275214}.Release|x86.Build.0 = Release|Any CPU
	EndGlobalSection
	GlobalSection(SolutionProperties) = preSolution
		HideSolutionNode = FALSE
	EndGlobalSection
	GlobalSection(NestedProjects) = preSolution
		{03938002-1A0E-48D2-BCBF-68FBAF5922B2} = {4F52FD11-658E-A102-6CD3-7D7C16FFA15B}
		{03F3FC1A-CA03-4349-BE00-A0196D3E613D} = {4F52FD11-658E-A102-6CD3-7D7C16FFA15B}
		{8E3E2B87-484D-424D-979F-A29CC9D7CEC5} = {4F52FD11-658E-A102-6CD3-7D7C16FFA15B}
		{C09FBFC8-04B8-4970-BD15-2FF5EAE2DC58} = {A10C4C97-C1A1-C462-9A04-F253A6FEFC1E}
		{0D89BCB8-EAA3-4B11-91A5-6857FD64F054} = {A10C4C97-C1A1-C462-9A04-F253A6FEFC1E}
		{12D410B5-1350-4996-A305-A3D8CD3A35E1} = {A10C4C97-C1A1-C462-9A04-F253A6FEFC1E}
		{D43479FB-1DD6-44E4-84FA-39988988822E} = {A10C4C97-C1A1-C462-9A04-F253A6FEFC1E}
		{2D312C4D-F27D-47E4-A3FA-ECD312DA8FEA} = {C30EA34C-96E3-EEAB-A84E-085AED71DD06}
		{B1B6425E-5B08-4F83-8440-67F963A90974} = {C30EA34C-96E3-EEAB-A84E-085AED71DD06}
		{D6975B10-1336-447E-83ED-8632B8B6BB6C} = {C30EA34C-96E3-EEAB-A84E-085AED71DD06}
		{2B7DE6B7-C255-441D-A922-505F07D24C16} = {C30EA34C-96E3-EEAB-A84E-085AED71DD06}
	EndGlobalSection
EndGlobal
