
Microsoft Visual Studio Solution File, Format Version 12.00
# Visual Studio Version 17
VisualStudioVersion = 17.0.31903.59
MinimumVisualStudioVersion = 10.0.40219.1
Project("{FAE04EC0-301F-11D3-BF4B-00C04F79EFBC}") = "AppHost", "AppHost\AppHost.csproj", "{652576F2-BD83-4050-913B-29BF9BDE5591}"
EndProject
Project("{2150E333-8FDC-42A3-9474-1A3956D46DE8}") = "services", "services", "{5854FF58-B8C5-05C6-5BF2-ACE42193F22B}"
EndProject
Project("{2150E333-8FDC-42A3-9474-1A3956D46DE8}") = "Users", "Users", "{7F5E4303-C61D-8574-96A4-AEBE3E9C691B}"
EndProject
Project("{FAE04EC0-301F-11D3-BF4B-00C04F79EFBC}") = "Users.Api", "services\Users\Users.Api\Users.Api.csproj", "{F754DE1F-874D-4C8F-9672-F1432CBA84E5}"
EndProject
Project("{FAE04EC0-301F-11D3-BF4B-00C04F79EFBC}") = "Users.Infrastructure", "services\Users\Users.Infrastructure\Users.Infrastructure.csproj", "{E9851F36-2978-489D-99FF-9DFD05FE505B}"
EndProject
Project("{FAE04EC0-301F-11D3-BF4B-00C04F79EFBC}") = "Users.Application", "services\Users\Users.Application\Users.Application.csproj", "{FE941C63-E8FF-4D13-9D4C-174F92465DD6}"
EndProject
Project("{FAE04EC0-301F-11D3-BF4B-00C04F79EFBC}") = "Users.Domain", "services\Users\Users.Domain\Users.Domain.csproj", "{B29D576E-6727-4F71-918D-1D3797ED74BC}"
EndProject
Project("{2150E333-8FDC-42A3-9474-1A3956D46DE8}") = "Shared", "Shared", "{4F52FD11-658E-A102-6CD3-7D7C16FFA15B}"
EndProject
Project("{FAE04EC0-301F-11D3-BF4B-00C04F79EFBC}") = "Contracts", "Shared\Contracts\Contracts.csproj", "{5EBC728C-DA8A-4690-A0F5-D80CBD941E4B}"
EndProject
Project("{FAE04EC0-301F-11D3-BF4B-00C04F79EFBC}") = "Messaging", "Shared\Messaging\Messaging.csproj", "{09AD0B4D-E970-4B0E-A65F-893EB925479D}"
EndProject
Project("{FAE04EC0-301F-11D3-BF4B-00C04F79EFBC}") = "ServiceDefaults", "Shared\ServiceDefaults\ServiceDefaults.csproj", "{08CC6852-C21C-4DA0-9CE9-931FDA5B8515}"
EndProject
Project("{2150E333-8FDC-42A3-9474-1A3956D46DE8}") = "Notifications", "Notifications", "{EDF976B3-B1D5-9C5C-314D-F965FB2448D0}"
EndProject
Project("{FAE04EC0-301F-11D3-BF4B-00C04F79EFBC}") = "Notifications.Api", "services\Notifications\Notifications.Api\Notifications.Api.csproj", "{965E1179-BDE4-4176-BBC8-589E38E652A5}"
EndProject
Project("{FAE04EC0-301F-11D3-BF4B-00C04F79EFBC}") = "Notifications.Infrastructure", "services\Notifications\Notifications.Infrastructure\Notifications.Infrastructure.csproj", "{8BB20038-E955-4181-A502-A09E9810B196}"
EndProject
Project("{FAE04EC0-301F-11D3-BF4B-00C04F79EFBC}") = "Notifications.Application", "services\Notifications\Notifications.Application\Notifications.Application.csproj", "{2D449954-EF0D-453B-84C7-6FFE46ADF453}"
EndProject
Project("{FAE04EC0-301F-11D3-BF4B-00C04F79EFBC}") = "Notifications.Domain", "services\Notifications\Notifications.Domain\Notifications.Domain.csproj", "{F1356560-D73D-4587-BC38-806446165610}"
EndProject
Project("{2150E333-8FDC-42A3-9474-1A3956D46DE8}") = "Solution Items", "Solution Items", "{3C8E1F2A-6B4D-4E2F-9A1C-2F7B5D8E9A10}"
	ProjectSection(SolutionItems) = preProject
		SPEC.md = SPEC.md
		README.md = README.md
		Directory.Build.props = Directory.Build.props
		Directory.Packages.props = Directory.Packages.props
		.editorconfig = .editorconfig
		Shared\Contracts\schemas\user-contact-updated.schema.json = Shared\Contracts\schemas\user-contact-updated.schema.json
	EndProjectSection
EndProject
Project("{FAE04EC0-301F-11D3-BF4B-00C04F79EFBC}") = "Web", "Web\Web.csproj", "{11E44E41-E1EE-4F85-933F-1AA46D6459EC}"
EndProject
Global
	GlobalSection(SolutionConfigurationPlatforms) = preSolution
		Debug|Any CPU = Debug|Any CPU
		Debug|x64 = Debug|x64
		Debug|x86 = Debug|x86
		Release|Any CPU = Release|Any CPU
		Release|x64 = Release|x64
		Release|x86 = Release|x86
	EndGlobalSection
	GlobalSection(ProjectConfigurationPlatforms) = postSolution
		{652576F2-BD83-4050-913B-29BF9BDE5591}.Debug|Any CPU.ActiveCfg = Debug|Any CPU
		{652576F2-BD83-4050-913B-29BF9BDE5591}.Debug|Any CPU.Build.0 = Debug|Any CPU
		{652576F2-BD83-4050-913B-29BF9BDE5591}.Debug|x64.ActiveCfg = Debug|Any CPU
		{652576F2-BD83-4050-913B-29BF9BDE5591}.Debug|x64.Build.0 = Debug|Any CPU
		{652576F2-BD83-4050-913B-29BF9BDE5591}.Debug|x86.ActiveCfg = Debug|Any CPU
		{652576F2-BD83-4050-913B-29BF9BDE5591}.Debug|x86.Build.0 = Debug|Any CPU
		{652576F2-BD83-4050-913B-29BF9BDE5591}.Release|Any CPU.ActiveCfg = Release|Any CPU
		{652576F2-BD83-4050-913B-29BF9BDE5591}.Release|Any CPU.Build.0 = Release|Any CPU
		{652576F2-BD83-4050-913B-29BF9BDE5591}.Release|x64.ActiveCfg = Release|Any CPU
		{652576F2-BD83-4050-913B-29BF9BDE5591}.Release|x64.Build.0 = Release|Any CPU
		{652576F2-BD83-4050-913B-29BF9BDE5591}.Release|x86.ActiveCfg = Release|Any CPU
		{652576F2-BD83-4050-913B-29BF9BDE5591}.Release|x86.Build.0 = Release|Any CPU
		{F754DE1F-874D-4C8F-9672-F1432CBA84E5}.Debug|Any CPU.ActiveCfg = Debug|Any CPU
		{F754DE1F-874D-4C8F-9672-F1432CBA84E5}.Debug|Any CPU.Build.0 = Debug|Any CPU
		{F754DE1F-874D-4C8F-9672-F1432CBA84E5}.Debug|x64.ActiveCfg = Debug|Any CPU
		{F754DE1F-874D-4C8F-9672-F1432CBA84E5}.Debug|x64.Build.0 = Debug|Any CPU
		{F754DE1F-874D-4C8F-9672-F1432CBA84E5}.Debug|x86.ActiveCfg = Debug|Any CPU
		{F754DE1F-874D-4C8F-9672-F1432CBA84E5}.Debug|x86.Build.0 = Debug|Any CPU
		{F754DE1F-874D-4C8F-9672-F1432CBA84E5}.Release|Any CPU.ActiveCfg = Release|Any CPU
		{F754DE1F-874D-4C8F-9672-F1432CBA84E5}.Release|Any CPU.Build.0 = Release|Any CPU
		{F754DE1F-874D-4C8F-9672-F1432CBA84E5}.Release|x64.ActiveCfg = Release|Any CPU
		{F754DE1F-874D-4C8F-9672-F1432CBA84E5}.Release|x64.Build.0 = Release|Any CPU
		{F754DE1F-874D-4C8F-9672-F1432CBA84E5}.Release|x86.ActiveCfg = Release|Any CPU
		{F754DE1F-874D-4C8F-9672-F1432CBA84E5}.Release|x86.Build.0 = Release|Any CPU
		{E9851F36-2978-489D-99FF-9DFD05FE505B}.Debug|Any CPU.ActiveCfg = Debug|Any CPU
		{E9851F36-2978-489D-99FF-9DFD05FE505B}.Debug|Any CPU.Build.0 = Debug|Any CPU
		{E9851F36-2978-489D-99FF-9DFD05FE505B}.Debug|x64.ActiveCfg = Debug|Any CPU
		{E9851F36-2978-489D-99FF-9DFD05FE505B}.Debug|x64.Build.0 = Debug|Any CPU
		{E9851F36-2978-489D-99FF-9DFD05FE505B}.Debug|x86.ActiveCfg = Debug|Any CPU
		{E9851F36-2978-489D-99FF-9DFD05FE505B}.Debug|x86.Build.0 = Debug|Any CPU
		{E9851F36-2978-489D-99FF-9DFD05FE505B}.Release|Any CPU.ActiveCfg = Release|Any CPU
		{E9851F36-2978-489D-99FF-9DFD05FE505B}.Release|Any CPU.Build.0 = Release|Any CPU
		{E9851F36-2978-489D-99FF-9DFD05FE505B}.Release|x64.ActiveCfg = Release|Any CPU
		{E9851F36-2978-489D-99FF-9DFD05FE505B}.Release|x64.Build.0 = Release|Any CPU
		{E9851F36-2978-489D-99FF-9DFD05FE505B}.Release|x86.ActiveCfg = Release|Any CPU
		{E9851F36-2978-489D-99FF-9DFD05FE505B}.Release|x86.Build.0 = Release|Any CPU
		{FE941C63-E8FF-4D13-9D4C-174F92465DD6}.Debug|Any CPU.ActiveCfg = Debug|Any CPU
		{FE941C63-E8FF-4D13-9D4C-174F92465DD6}.Debug|Any CPU.Build.0 = Debug|Any CPU
		{FE941C63-E8FF-4D13-9D4C-174F92465DD6}.Debug|x64.ActiveCfg = Debug|Any CPU
		{FE941C63-E8FF-4D13-9D4C-174F92465DD6}.Debug|x64.Build.0 = Debug|Any CPU
		{FE941C63-E8FF-4D13-9D4C-174F92465DD6}.Debug|x86.ActiveCfg = Debug|Any CPU
		{FE941C63-E8FF-4D13-9D4C-174F92465DD6}.Debug|x86.Build.0 = Debug|Any CPU
		{FE941C63-E8FF-4D13-9D4C-174F92465DD6}.Release|Any CPU.ActiveCfg = Release|Any CPU
		{FE941C63-E8FF-4D13-9D4C-174F92465DD6}.Release|Any CPU.Build.0 = Release|Any CPU
		{FE941C63-E8FF-4D13-9D4C-174F92465DD6}.Release|x64.ActiveCfg = Release|Any CPU
		{FE941C63-E8FF-4D13-9D4C-174F92465DD6}.Release|x64.Build.0 = Release|Any CPU
		{FE941C63-E8FF-4D13-9D4C-174F92465DD6}.Release|x86.ActiveCfg = Release|Any CPU
		{FE941C63-E8FF-4D13-9D4C-174F92465DD6}.Release|x86.Build.0 = Release|Any CPU
		{B29D576E-6727-4F71-918D-1D3797ED74BC}.Debug|Any CPU.ActiveCfg = Debug|Any CPU
		{B29D576E-6727-4F71-918D-1D3797ED74BC}.Debug|Any CPU.Build.0 = Debug|Any CPU
		{B29D576E-6727-4F71-918D-1D3797ED74BC}.Debug|x64.ActiveCfg = Debug|Any CPU
		{B29D576E-6727-4F71-918D-1D3797ED74BC}.Debug|x64.Build.0 = Debug|Any CPU
		{B29D576E-6727-4F71-918D-1D3797ED74BC}.Debug|x86.ActiveCfg = Debug|Any CPU
		{B29D576E-6727-4F71-918D-1D3797ED74BC}.Debug|x86.Build.0 = Debug|Any CPU
		{B29D576E-6727-4F71-918D-1D3797ED74BC}.Release|Any CPU.ActiveCfg = Release|Any CPU
		{B29D576E-6727-4F71-918D-1D3797ED74BC}.Release|Any CPU.Build.0 = Release|Any CPU
		{B29D576E-6727-4F71-918D-1D3797ED74BC}.Release|x64.ActiveCfg = Release|Any CPU
		{B29D576E-6727-4F71-918D-1D3797ED74BC}.Release|x64.Build.0 = Release|Any CPU
		{B29D576E-6727-4F71-918D-1D3797ED74BC}.Release|x86.ActiveCfg = Release|Any CPU
		{B29D576E-6727-4F71-918D-1D3797ED74BC}.Release|x86.Build.0 = Release|Any CPU
		{5EBC728C-DA8A-4690-A0F5-D80CBD941E4B}.Debug|Any CPU.ActiveCfg = Debug|Any CPU
		{5EBC728C-DA8A-4690-A0F5-D80CBD941E4B}.Debug|Any CPU.Build.0 = Debug|Any CPU
		{5EBC728C-DA8A-4690-A0F5-D80CBD941E4B}.Debug|x64.ActiveCfg = Debug|Any CPU
		{5EBC728C-DA8A-4690-A0F5-D80CBD941E4B}.Debug|x64.Build.0 = Debug|Any CPU
		{5EBC728C-DA8A-4690-A0F5-D80CBD941E4B}.Debug|x86.ActiveCfg = Debug|Any CPU
		{5EBC728C-DA8A-4690-A0F5-D80CBD941E4B}.Debug|x86.Build.0 = Debug|Any CPU
		{5EBC728C-DA8A-4690-A0F5-D80CBD941E4B}.Release|Any CPU.ActiveCfg = Release|Any CPU
		{5EBC728C-DA8A-4690-A0F5-D80CBD941E4B}.Release|Any CPU.Build.0 = Release|Any CPU
		{5EBC728C-DA8A-4690-A0F5-D80CBD941E4B}.Release|x64.ActiveCfg = Release|Any CPU
		{5EBC728C-DA8A-4690-A0F5-D80CBD941E4B}.Release|x64.Build.0 = Release|Any CPU
		{5EBC728C-DA8A-4690-A0F5-D80CBD941E4B}.Release|x86.ActiveCfg = Release|Any CPU
		{5EBC728C-DA8A-4690-A0F5-D80CBD941E4B}.Release|x86.Build.0 = Release|Any CPU
		{09AD0B4D-E970-4B0E-A65F-893EB925479D}.Debug|Any CPU.ActiveCfg = Debug|Any CPU
		{09AD0B4D-E970-4B0E-A65F-893EB925479D}.Debug|Any CPU.Build.0 = Debug|Any CPU
		{09AD0B4D-E970-4B0E-A65F-893EB925479D}.Debug|x64.ActiveCfg = Debug|Any CPU
		{09AD0B4D-E970-4B0E-A65F-893EB925479D}.Debug|x64.Build.0 = Debug|Any CPU
		{09AD0B4D-E970-4B0E-A65F-893EB925479D}.Debug|x86.ActiveCfg = Debug|Any CPU
		{09AD0B4D-E970-4B0E-A65F-893EB925479D}.Debug|x86.Build.0 = Debug|Any CPU
		{09AD0B4D-E970-4B0E-A65F-893EB925479D}.Release|Any CPU.ActiveCfg = Release|Any CPU
		{09AD0B4D-E970-4B0E-A65F-893EB925479D}.Release|Any CPU.Build.0 = Release|Any CPU
		{09AD0B4D-E970-4B0E-A65F-893EB925479D}.Release|x64.ActiveCfg = Release|Any CPU
		{09AD0B4D-E970-4B0E-A65F-893EB925479D}.Release|x64.Build.0 = Release|Any CPU
		{09AD0B4D-E970-4B0E-A65F-893EB925479D}.Release|x86.ActiveCfg = Release|Any CPU
		{09AD0B4D-E970-4B0E-A65F-893EB925479D}.Release|x86.Build.0 = Release|Any CPU
		{08CC6852-C21C-4DA0-9CE9-931FDA5B8515}.Debug|Any CPU.ActiveCfg = Debug|Any CPU
		{08CC6852-C21C-4DA0-9CE9-931FDA5B8515}.Debug|Any CPU.Build.0 = Debug|Any CPU
		{08CC6852-C21C-4DA0-9CE9-931FDA5B8515}.Debug|x64.ActiveCfg = Debug|Any CPU
		{08CC6852-C21C-4DA0-9CE9-931FDA5B8515}.Debug|x64.Build.0 = Debug|Any CPU
		{08CC6852-C21C-4DA0-9CE9-931FDA5B8515}.Debug|x86.ActiveCfg = Debug|Any CPU
		{08CC6852-C21C-4DA0-9CE9-931FDA5B8515}.Debug|x86.Build.0 = Debug|Any CPU
		{08CC6852-C21C-4DA0-9CE9-931FDA5B8515}.Release|Any CPU.ActiveCfg = Release|Any CPU
		{08CC6852-C21C-4DA0-9CE9-931FDA5B8515}.Release|Any CPU.Build.0 = Release|Any CPU
		{08CC6852-C21C-4DA0-9CE9-931FDA5B8515}.Release|x64.ActiveCfg = Release|Any CPU
		{08CC6852-C21C-4DA0-9CE9-931FDA5B8515}.Release|x64.Build.0 = Release|Any CPU
		{08CC6852-C21C-4DA0-9CE9-931FDA5B8515}.Release|x86.ActiveCfg = Release|Any CPU
		{08CC6852-C21C-4DA0-9CE9-931FDA5B8515}.Release|x86.Build.0 = Release|Any CPU
		{965E1179-BDE4-4176-BBC8-589E38E652A5}.Debug|Any CPU.ActiveCfg = Debug|Any CPU
		{965E1179-BDE4-4176-BBC8-589E38E652A5}.Debug|Any CPU.Build.0 = Debug|Any CPU
		{965E1179-BDE4-4176-BBC8-589E38E652A5}.Debug|x64.ActiveCfg = Debug|Any CPU
		{965E1179-BDE4-4176-BBC8-589E38E652A5}.Debug|x64.Build.0 = Debug|Any CPU
		{965E1179-BDE4-4176-BBC8-589E38E652A5}.Debug|x86.ActiveCfg = Debug|Any CPU
		{965E1179-BDE4-4176-BBC8-589E38E652A5}.Debug|x86.Build.0 = Debug|Any CPU
		{965E1179-BDE4-4176-BBC8-589E38E652A5}.Release|Any CPU.ActiveCfg = Release|Any CPU
		{965E1179-BDE4-4176-BBC8-589E38E652A5}.Release|Any CPU.Build.0 = Release|Any CPU
		{965E1179-BDE4-4176-BBC8-589E38E652A5}.Release|x64.ActiveCfg = Release|Any CPU
		{965E1179-BDE4-4176-BBC8-589E38E652A5}.Release|x64.Build.0 = Release|Any CPU
		{965E1179-BDE4-4176-BBC8-589E38E652A5}.Release|x86.ActiveCfg = Release|Any CPU
		{965E1179-BDE4-4176-BBC8-589E38E652A5}.Release|x86.Build.0 = Release|Any CPU
		{8BB20038-E955-4181-A502-A09E9810B196}.Debug|Any CPU.ActiveCfg = Debug|Any CPU
		{8BB20038-E955-4181-A502-A09E9810B196}.Debug|Any CPU.Build.0 = Debug|Any CPU
		{8BB20038-E955-4181-A502-A09E9810B196}.Debug|x64.ActiveCfg = Debug|Any CPU
		{8BB20038-E955-4181-A502-A09E9810B196}.Debug|x64.Build.0 = Debug|Any CPU
		{8BB20038-E955-4181-A502-A09E9810B196}.Debug|x86.ActiveCfg = Debug|Any CPU
		{8BB20038-E955-4181-A502-A09E9810B196}.Debug|x86.Build.0 = Debug|Any CPU
		{8BB20038-E955-4181-A502-A09E9810B196}.Release|Any CPU.ActiveCfg = Release|Any CPU
		{8BB20038-E955-4181-A502-A09E9810B196}.Release|Any CPU.Build.0 = Release|Any CPU
		{8BB20038-E955-4181-A502-A09E9810B196}.Release|x64.ActiveCfg = Release|Any CPU
		{8BB20038-E955-4181-A502-A09E9810B196}.Release|x64.Build.0 = Release|Any CPU
		{8BB20038-E955-4181-A502-A09E9810B196}.Release|x86.ActiveCfg = Release|Any CPU
		{8BB20038-E955-4181-A502-A09E9810B196}.Release|x86.Build.0 = Release|Any CPU
		{2D449954-EF0D-453B-84C7-6FFE46ADF453}.Debug|Any CPU.ActiveCfg = Debug|Any CPU
		{2D449954-EF0D-453B-84C7-6FFE46ADF453}.Debug|Any CPU.Build.0 = Debug|Any CPU
		{2D449954-EF0D-453B-84C7-6FFE46ADF453}.Debug|x64.ActiveCfg = Debug|Any CPU
		{2D449954-EF0D-453B-84C7-6FFE46ADF453}.Debug|x64.Build.0 = Debug|Any CPU
		{2D449954-EF0D-453B-84C7-6FFE46ADF453}.Debug|x86.ActiveCfg = Debug|Any CPU
		{2D449954-EF0D-453B-84C7-6FFE46ADF453}.Debug|x86.Build.0 = Debug|Any CPU
		{2D449954-EF0D-453B-84C7-6FFE46ADF453}.Release|Any CPU.ActiveCfg = Release|Any CPU
		{2D449954-EF0D-453B-84C7-6FFE46ADF453}.Release|Any CPU.Build.0 = Release|Any CPU
		{2D449954-EF0D-453B-84C7-6FFE46ADF453}.Release|x64.ActiveCfg = Release|Any CPU
		{2D449954-EF0D-453B-84C7-6FFE46ADF453}.Release|x64.Build.0 = Release|Any CPU
		{2D449954-EF0D-453B-84C7-6FFE46ADF453}.Release|x86.ActiveCfg = Release|Any CPU
		{2D449954-EF0D-453B-84C7-6FFE46ADF453}.Release|x86.Build.0 = Release|Any CPU
		{F1356560-D73D-4587-BC38-806446165610}.Debug|Any CPU.ActiveCfg = Debug|Any CPU
		{F1356560-D73D-4587-BC38-806446165610}.Debug|Any CPU.Build.0 = Debug|Any CPU
		{F1356560-D73D-4587-BC38-806446165610}.Debug|x64.ActiveCfg = Debug|Any CPU
		{F1356560-D73D-4587-BC38-806446165610}.Debug|x64.Build.0 = Debug|Any CPU
		{F1356560-D73D-4587-BC38-806446165610}.Debug|x86.ActiveCfg = Debug|Any CPU
		{F1356560-D73D-4587-BC38-806446165610}.Debug|x86.Build.0 = Debug|Any CPU
		{F1356560-D73D-4587-BC38-806446165610}.Release|Any CPU.ActiveCfg = Release|Any CPU
		{F1356560-D73D-4587-BC38-806446165610}.Release|Any CPU.Build.0 = Release|Any CPU
		{F1356560-D73D-4587-BC38-806446165610}.Release|x64.ActiveCfg = Release|Any CPU
		{F1356560-D73D-4587-BC38-806446165610}.Release|x64.Build.0 = Release|Any CPU
		{F1356560-D73D-4587-BC38-806446165610}.Release|x86.ActiveCfg = Release|Any CPU
		{F1356560-D73D-4587-BC38-806446165610}.Release|x86.Build.0 = Release|Any CPU
		{11E44E41-E1EE-4F85-933F-1AA46D6459EC}.Debug|Any CPU.ActiveCfg = Debug|Any CPU
		{11E44E41-E1EE-4F85-933F-1AA46D6459EC}.Debug|Any CPU.Build.0 = Debug|Any CPU
		{11E44E41-E1EE-4F85-933F-1AA46D6459EC}.Debug|x64.ActiveCfg = Debug|Any CPU
		{11E44E41-E1EE-4F85-933F-1AA46D6459EC}.Debug|x64.Build.0 = Debug|Any CPU
		{11E44E41-E1EE-4F85-933F-1AA46D6459EC}.Debug|x86.ActiveCfg = Debug|Any CPU
		{11E44E41-E1EE-4F85-933F-1AA46D6459EC}.Debug|x86.Build.0 = Debug|Any CPU
		{11E44E41-E1EE-4F85-933F-1AA46D6459EC}.Release|Any CPU.ActiveCfg = Release|Any CPU
		{11E44E41-E1EE-4F85-933F-1AA46D6459EC}.Release|Any CPU.Build.0 = Release|Any CPU
		{11E44E41-E1EE-4F85-933F-1AA46D6459EC}.Release|x64.ActiveCfg = Release|Any CPU
		{11E44E41-E1EE-4F85-933F-1AA46D6459EC}.Release|x64.Build.0 = Release|Any CPU
		{11E44E41-E1EE-4F85-933F-1AA46D6459EC}.Release|x86.ActiveCfg = Release|Any CPU
		{11E44E41-E1EE-4F85-933F-1AA46D6459EC}.Release|x86.Build.0 = Release|Any CPU
	EndGlobalSection
	GlobalSection(SolutionProperties) = preSolution
		HideSolutionNode = FALSE
	EndGlobalSection
	GlobalSection(NestedProjects) = preSolution
		{7F5E4303-C61D-8574-96A4-AEBE3E9C691B} = {5854FF58-B8C5-05C6-5BF2-ACE42193F22B}
		{F754DE1F-874D-4C8F-9672-F1432CBA84E5} = {7F5E4303-C61D-8574-96A4-AEBE3E9C691B}
		{E9851F36-2978-489D-99FF-9DFD05FE505B} = {7F5E4303-C61D-8574-96A4-AEBE3E9C691B}
		{FE941C63-E8FF-4D13-9D4C-174F92465DD6} = {7F5E4303-C61D-8574-96A4-AEBE3E9C691B}
		{B29D576E-6727-4F71-918D-1D3797ED74BC} = {7F5E4303-C61D-8574-96A4-AEBE3E9C691B}
		{5EBC728C-DA8A-4690-A0F5-D80CBD941E4B} = {4F52FD11-658E-A102-6CD3-7D7C16FFA15B}
		{09AD0B4D-E970-4B0E-A65F-893EB925479D} = {4F52FD11-658E-A102-6CD3-7D7C16FFA15B}
		{08CC6852-C21C-4DA0-9CE9-931FDA5B8515} = {4F52FD11-658E-A102-6CD3-7D7C16FFA15B}
		{EDF976B3-B1D5-9C5C-314D-F965FB2448D0} = {5854FF58-B8C5-05C6-5BF2-ACE42193F22B}
		{965E1179-BDE4-4176-BBC8-589E38E652A5} = {EDF976B3-B1D5-9C5C-314D-F965FB2448D0}
		{8BB20038-E955-4181-A502-A09E9810B196} = {EDF976B3-B1D5-9C5C-314D-F965FB2448D0}
		{2D449954-EF0D-453B-84C7-6FFE46ADF453} = {EDF976B3-B1D5-9C5C-314D-F965FB2448D0}
		{F1356560-D73D-4587-BC38-806446165610} = {EDF976B3-B1D5-9C5C-314D-F965FB2448D0}
	EndGlobalSection
EndGlobal
